<Solution>
  <Folder Name="/Solution Items/">
    <File Path=".editorconfig" />
    <File Path=".gitignore" />
    <File Path="Directory.Build.props" />
    <File Path="LICENSE" />
    <File Path="README.md" />
  </Folder>
  <Folder Name="/src/">
    <Project Path="src/TournamentTracker.BusinessLayer/TournamentTracker.BusinessLayer.csproj" Id="979b2828-c8f6-4aba-84d2-7a97910c04ee" />
    <Project Path="TournamentTracker/TournamentTracker.csproj" Id="5b6c7e51-1881-47a6-85e4-f7b4f9ec3d7a" />
  </Folder>
</Solution>
