
Microsoft Visual Studio Solution File, Format Version 12.00
# Visual Studio Version 17
VisualStudioVersion = 17.0.31903.59
MinimumVisualStudioVersion = 10.0.40219.1
Project("{9A19103F-16F7-4668-BE54-9A1E7A4F7556}") = "TournamentTracker", "src\TournamentTracker\TournamentTracker.csproj", "{B7C234C5-BC47-401E-AF90-EAD24DEC8C57}"
EndProject
Project("{9A19103F-16F7-4668-BE54-9A1E7A4F7556}") = "TournamentTracker.BusinessLayer", "src\TournamentTracker.BusinessLayer\TournamentTracker.BusinessLayer.csproj", "{FB0B5CB6-D2AF-4123-BC73-1F1655C65875}"
EndProject
Project("{2150E333-8FDC-42A3-9474-1A3956D46DE8}") = "Solution Items", "Solution Items", "{534BD88D-D0B8-47E2-AC9F-49C85CB5F3E1}"
	ProjectSection(SolutionItems) = preProject
		.editorconfig = .editorconfig
	EndProjectSection
EndProject
Project("{9A19103F-16F7-4668-BE54-9A1E7A4F7556}") = "TournamentTracker.DataAccessLayer", "src\TournamentTracker.DataAccessLayer\TournamentTracker.DataAccessLayer.csproj", "{141CD3EF-DF49-4061-8E27-7C2ABE55848C}"
EndProject
Project("{9A19103F-16F7-4668-BE54-9A1E7A4F7556}") = "TournamentTracker.Shared", "src\TournamentTracker.Shared\TournamentTracker.Shared.csproj", "{FB4A231D-D4B3-4FFA-B1F3-3B24BE763DF5}"
EndProject
Project("{9A19103F-16F7-4668-BE54-9A1E7A4F7556}") = "TournamentTracker.StorageProviders", "src\TournamentTracker.StorageProviders\TournamentTracker.StorageProviders.csproj", "{0E06D79A-78D0-4A3F-9EFA-82822D0E3D24}"
EndProject
Project("{00D1A9C2-B5F0-4AF3-8072-F6C62B433612}") = "TournamentTracker.Database", "src\TournamentTracker.Database\TournamentTracker.Database.sqlproj", "{2EFD4D6B-5952-491A-AF88-648DBA57C566}"
EndProject
Project("{9A19103F-16F7-4668-BE54-9A1E7A4F7556}") = "TournamentTracker.Core", "src\TournamentTracker.Core\TournamentTracker.Core.csproj", "{84D98AD7-B469-4BE6-962B-B92361811F2D}"
EndProject
Project("{FAE04EC0-301F-11D3-BF4B-00C04F79EFBC}") = "TournamentTracker.Client", "src\TournamentTracker.Client\TournamentTracker.Client.csproj", "{62E86539-C513-4FDF-9CC7-C7E2215F5B16}"
EndProject
Global
	GlobalSection(SolutionConfigurationPlatforms) = preSolution
		Debug|Any CPU = Debug|Any CPU
		Release|Any CPU = Release|Any CPU
	EndGlobalSection
	GlobalSection(ProjectConfigurationPlatforms) = postSolution
		{B7C234C5-BC47-401E-AF90-EAD24DEC8C57}.Debug|Any CPU.ActiveCfg = Debug|Any CPU
		{B7C234C5-BC47-401E-AF90-EAD24DEC8C57}.Debug|Any CPU.Build.0 = Debug|Any CPU
		{B7C234C5-BC47-401E-AF90-EAD24DEC8C57}.Release|Any CPU.ActiveCfg = Release|Any CPU
		{B7C234C5-BC47-401E-AF90-EAD24DEC8C57}.Release|Any CPU.Build.0 = Release|Any CPU
		{FB0B5CB6-D2AF-4123-BC73-1F1655C65875}.Debug|Any CPU.ActiveCfg = Debug|Any CPU
		{FB0B5CB6-D2AF-4123-BC73-1F1655C65875}.Debug|Any CPU.Build.0 = Debug|Any CPU
		{FB0B5CB6-D2AF-4123-BC73-1F1655C65875}.Release|Any CPU.ActiveCfg = Release|Any CPU
		{FB0B5CB6-D2AF-4123-BC73-1F1655C65875}.Release|Any CPU.Build.0 = Release|Any CPU
		{141CD3EF-DF49-4061-8E27-7C2ABE55848C}.Debug|Any CPU.ActiveCfg = Debug|Any CPU
		{141CD3EF-DF49-4061-8E27-7C2ABE55848C}.Debug|Any CPU.Build.0 = Debug|Any CPU
		{141CD3EF-DF49-4061-8E27-7C2ABE55848C}.Release|Any CPU.ActiveCfg = Release|Any CPU
		{141CD3EF-DF49-4061-8E27-7C2ABE55848C}.Release|Any CPU.Build.0 = Release|Any CPU
		{FB4A231D-D4B3-4FFA-B1F3-3B24BE763DF5}.Debug|Any CPU.ActiveCfg = Debug|Any CPU
		{FB4A231D-D4B3-4FFA-B1F3-3B24BE763DF5}.Debug|Any CPU.Build.0 = Debug|Any CPU
		{FB4A231D-D4B3-4FFA-B1F3-3B24BE763DF5}.Release|Any CPU.ActiveCfg = Release|Any CPU
		{FB4A231D-D4B3-4FFA-B1F3-3B24BE763DF5}.Release|Any CPU.Build.0 = Release|Any CPU
		{0E06D79A-78D0-4A3F-9EFA-82822D0E3D24}.Debug|Any CPU.ActiveCfg = Debug|Any CPU
		{0E06D79A-78D0-4A3F-9EFA-82822D0E3D24}.Debug|Any CPU.Build.0 = Debug|Any CPU
		{0E06D79A-78D0-4A3F-9EFA-82822D0E3D24}.Release|Any CPU.ActiveCfg = Release|Any CPU
		{0E06D79A-78D0-4A3F-9EFA-82822D0E3D24}.Release|Any CPU.Build.0 = Release|Any CPU
		{2EFD4D6B-5952-491A-AF88-648DBA57C566}.Debug|Any CPU.ActiveCfg = Debug|Any CPU
		{2EFD4D6B-5952-491A-AF88-648DBA57C566}.Debug|Any CPU.Build.0 = Debug|Any CPU
		{2EFD4D6B-5952-491A-AF88-648DBA57C566}.Debug|Any CPU.Deploy.0 = Debug|Any CPU
		{2EFD4D6B-5952-491A-AF88-648DBA57C566}.Release|Any CPU.ActiveCfg = Release|Any CPU
		{2EFD4D6B-5952-491A-AF88-648DBA57C566}.Release|Any CPU.Build.0 = Release|Any CPU
		{2EFD4D6B-5952-491A-AF88-648DBA57C566}.Release|Any CPU.Deploy.0 = Release|Any CPU
		{84D98AD7-B469-4BE6-962B-B92361811F2D}.Debug|Any CPU.ActiveCfg = Debug|Any CPU
		{84D98AD7-B469-4BE6-962B-B92361811F2D}.Debug|Any CPU.Build.0 = Debug|Any CPU
		{84D98AD7-B469-4BE6-962B-B92361811F2D}.Release|Any CPU.ActiveCfg = Release|Any CPU
		{84D98AD7-B469-4BE6-962B-B92361811F2D}.Release|Any CPU.Build.0 = Release|Any CPU
		{62E86539-C513-4FDF-9CC7-C7E2215F5B16}.Debug|Any CPU.ActiveCfg = Debug|Any CPU
		{62E86539-C513-4FDF-9CC7-C7E2215F5B16}.Debug|Any CPU.Build.0 = Debug|Any CPU
		{62E86539-C513-4FDF-9CC7-C7E2215F5B16}.Release|Any CPU.ActiveCfg = Release|Any CPU
		{62E86539-C513-4FDF-9CC7-C7E2215F5B16}.Release|Any CPU.Build.0 = Release|Any CPU
	EndGlobalSection
	GlobalSection(SolutionProperties) = preSolution
		HideSolutionNode = FALSE
	EndGlobalSection
	GlobalSection(ExtensibilityGlobals) = postSolution
		SolutionGuid = {92E5B4FC-F299-4311-996B-03B805EF75ED}
	EndGlobalSection
EndGlobal
